// !$*UTF8*$!
{
	archiveVersion = 1;
	classes = {
	};
	objectVersion = 46;
	objects = {

/* Begin PBXBuildFile section */
		196B9D151A9469220067190C /* AppDelegate.swift in Sources */ = {isa = PBXBuildFile; fileRef = 196B9D141A9469220067190C /* AppDelegate.swift */; };
		196B9D171A9469220067190C /* ViewController.swift in Sources */ = {isa = PBXBuildFile; fileRef = 196B9D161A9469220067190C /* ViewController.swift */; };
		196B9D1A1A9469220067190C /* Main.storyboard in Resources */ = {isa = PBXBuildFile; fileRef = 196B9D181A9469220067190C /* Main.storyboard */; };
		196B9D1C1A9469220067190C /* Images.xcassets in Resources */ = {isa = PBXBuildFile; fileRef = 196B9D1B1A9469220067190C /* Images.xcassets */; };
		196B9D1F1A9469220067190C /* LaunchScreen.xib in Resources */ = {isa = PBXBuildFile; fileRef = 196B9D1D1A9469220067190C /* LaunchScreen.xib */; };
		196B9D2B1A9469220067190C /* MailboxTests.swift in Sources */ = {isa = PBXBuildFile; fileRef = 196B9D2A1A9469220067190C /* MailboxTests.swift */; };
		196B9D351A9472170067190C /* MailboxViewController.swift in Sources */ = {isa = PBXBuildFile; fileRef = 196B9D341A9472170067190C /* MailboxViewController.swift */; };
/* End PBXBuildFile section */

/* Begin PBXContainerItemProxy section */
		196B9D251A9469220067190C /* PBXContainerItemProxy */ = {
			isa = PBXContainerItemProxy;
			containerPortal = 196B9D071A9469220067190C /* Project object */;
			proxyType = 1;
			remoteGlobalIDString = 196B9D0E1A9469220067190C;
			remoteInfo = Mailbox;
		};
/* End PBXContainerItemProxy section */

/* Begin PBXFileReference section */
		196B9D0F1A9469220067190C /* Mailbox.app */ = {isa = PBXFileReference; explicitFileType = wrapper.application; includeInIndex = 0; path = Mailbox.app; sourceTree = BUILT_PRODUCTS_DIR; };
		196B9D131A9469220067190C /* Info.plist */ = {isa = PBXFileReference; lastKnownFileType = text.plist.xml; path = Info.plist; sourceTree = "<group>"; };
		196B9D141A9469220067190C /* AppDelegate.swift */ = {isa = PBXFileReference; lastKnownFileType = sourcecode.swift; path = AppDelegate.swift; sourceTree = "<group>"; };
		196B9D161A9469220067190C /* ViewController.swift */ = {isa = PBXFileReference; lastKnownFileType = sourcecode.swift; path = ViewController.swift; sourceTree = "<group>"; };
		196B9D191A9469220067190C /* Base */ = {isa = PBXFileReference; lastKnownFileType = file.storyboard; name = Base; path = Base.lproj/Main.storyboard; sourceTree = "<group>"; };
		196B9D1B1A9469220067190C /* Images.xcassets */ = {isa = PBXFileReference; lastKnownFileType = folder.assetcatalog; path = Images.xcassets; sourceTree = "<group>"; };
		196B9D1E1A9469220067190C /* Base */ = {isa = PBXFileReference; lastKnownFileType = file.xib; name = Base; path = Base.lproj/LaunchScreen.xib; sourceTree = "<group>"; };
		196B9D241A9469220067190C /* MailboxTests.xctest */ = {isa = PBXFileReference; explicitFileType = wrapper.cfbundle; includeInIndex = 0; path = MailboxTests.xctest; sourceTree = BUILT_PRODUCTS_DIR; };
		196B9D291A9469220067190C /* Info.plist */ = {isa = PBXFileReference; lastKnownFileType = text.plist.xml; path = Info.plist; sourceTree = "<group>"; };
		196B9D2A1A9469220067190C /* MailboxTests.swift */ = {isa = PBXFileReference; lastKnownFileType = sourcecode.swift; path = MailboxTests.swift; sourceTree = "<group>"; };
		196B9D341A9472170067190C /* MailboxViewController.swift */ = {isa = PBXFileReference; fileEncoding = 4; lastKnownFileType = sourcecode.swift; path = MailboxViewController.swift; sourceTree = "<group>"; };
/* End PBXFileReference section */

/* Begin PBXFrameworksBuildPhase section */
		196B9D0C1A9469220067190C /* Frameworks */ = {
			isa = PBXFrameworksBuildPhase;
			buildActionMask = 2147483647;
			files = (
			);
			runOnlyForDeploymentPostprocessing = 0;
		};
		196B9D211A9469220067190C /* Frameworks */ = {
			isa = PBXFrameworksBuildPhase;
			buildActionMask = 2147483647;
			files = (
			);
			runOnlyForDeploymentPostprocessing = 0;
		};
/* End PBXFrameworksBuildPhase section */

/* Begin PBXGroup section */
		196B9D061A9469220067190C = {
			isa = PBXGroup;
			children = (
				196B9D111A9469220067190C /* Mailbox */,
				196B9D271A9469220067190C /* MailboxTests */,
				196B9D101A9469220067190C /* Products */,
			);
			sourceTree = "<group>";
		};
		196B9D101A9469220067190C /* Products */ = {
			isa = PBXGroup;
			children = (
				196B9D0F1A9469220067190C /* Mailbox.app */,
				196B9D241A9469220067190C /* MailboxTests.xctest */,
			);
			name = Products;
			sourceTree = "<group>";
		};
		196B9D111A9469220067190C /* Mailbox */ = {
			isa = PBXGroup;
			children = (
				196B9D141A9469220067190C /* AppDelegate.swift */,
				196B9D161A9469220067190C /* ViewController.swift */,
				196B9D341A9472170067190C /* MailboxViewController.swift */,
				196B9D181A9469220067190C /* Main.storyboard */,
				196B9D1B1A9469220067190C /* Images.xcassets */,
				196B9D1D1A9469220067190C /* LaunchScreen.xib */,
				196B9D121A9469220067190C /* Supporting Files */,
			);
			path = Mailbox;
			sourceTree = "<group>";
		};
		196B9D121A9469220067190C /* Supporting Files */ = {
			isa = PBXGroup;
			children = (
				196B9D131A9469220067190C /* Info.plist */,
			);
			name = "Supporting Files";
			sourceTree = "<group>";
		};
		196B9D271A9469220067190C /* MailboxTests */ = {
			isa = PBXGroup;
			children = (
				196B9D2A1A9469220067190C /* MailboxTests.swift */,
				196B9D281A9469220067190C /* Supporting Files */,
			);
			path = MailboxTests;
			sourceTree = "<group>";
		};
		196B9D281A9469220067190C /* Supporting Files */ = {
			isa = PBXGroup;
			children = (
				196B9D291A9469220067190C /* Info.plist */,
			);
			name = "Supporting Files";
			sourceTree = "<group>";
		};
/* End PBXGroup section */

/* Begin PBXNativeTarget section */
		196B9D0E1A9469220067190C /* Mailbox */ = {
			isa = PBXNativeTarget;
			buildConfigurationList = 196B9D2E1A9469220067190C /* Build configuration list for PBXNativeTarget "Mailbox" */;
			buildPhases = (
				196B9D0B1A9469220067190C /* Sources */,
				196B9D0C1A9469220067190C /* Frameworks */,
				196B9D0D1A9469220067190C /* Resources */,
			);
			buildRules = (
			);
			dependencies = (
			);
			name = Mailbox;
			productName = Mailbox;
			productReference = 196B9D0F1A9469220067190C /* Mailbox.app */;
			productType = "com.apple.product-type.application";
		};
		196B9D231A9469220067190C /* MailboxTests */ = {
			isa = PBXNativeTarget;
			buildConfigurationList = 196B9D311A9469220067190C /* Build configuration list for PBXNativeTarget "MailboxTests" */;
			buildPhases = (
				196B9D201A9469220067190C /* Sources */,
				196B9D211A9469220067190C /* Frameworks */,
				196B9D221A9469220067190C /* Resources */,
			);
			buildRules = (
			);
			dependencies = (
				196B9D261A9469220067190C /* PBXTargetDependency */,
			);
			name = MailboxTests;
			productName = MailboxTests;
			productReference = 196B9D241A9469220067190C /* MailboxTests.xctest */;
			productType = "com.apple.product-type.bundle.unit-test";
		};
/* End PBXNativeTarget section */

/* Begin PBXProject section */
		196B9D071A9469220067190C /* Project object */ = {
			isa = PBXProject;
			attributes = {
				LastUpgradeCheck = 0610;
				ORGANIZATIONNAME = "Scott Tong";
				TargetAttributes = {
					196B9D0E1A9469220067190C = {
						CreatedOnToolsVersion = 6.1.1;
					};
					196B9D231A9469220067190C = {
						CreatedOnToolsVersion = 6.1.1;
						TestTargetID = 196B9D0E1A9469220067190C;
					};
				};
			};
			buildConfigurationList = 196B9D0A1A9469220067190C /* Build configuration list for PBXProject "Mailbox" */;
			compatibilityVersion = "Xcode 3.2";
			developmentRegion = English;
			hasScannedForEncodings = 0;
			knownRegions = (
				en,
				Base,
			);
			mainGroup = 196B9D061A9469220067190C;
			productRefGroup = 196B9D101A9469220067190C /* Products */;
			projectDirPath = "";
			projectRoot = "";
			targets = (
				196B9D0E1A9469220067190C /* Mailbox */,
				196B9D231A9469220067190C /* MailboxTests */,
			);
		};
/* End PBXProject section */

/* Begin PBXResourcesBuildPhase section */
		196B9D0D1A9469220067190C /* Resources */ = {
			isa = PBXResourcesBuildPhase;
			buildActionMask = 2147483647;
			files = (
				196B9D1A1A9469220067190C /* Main.storyboard in Resources */,
				196B9D1F1A9469220067190C /* LaunchScreen.xib in Resources */,
				196B9D1C1A9469220067190C /* Images.xcassets in Resources */,
			);
			runOnlyForDeploymentPostprocessing = 0;
		};
		196B9D221A9469220067190C /* Resources */ = {
			isa = PBXResourcesBuildPhase;
			buildActionMask = 2147483647;
			files = (
			);
			runOnlyForDeploymentPostprocessing = 0;
		};
/* End PBXResourcesBuildPhase section */

/* Begin PBXSourcesBuildPhase section */
		196B9D0B1A9469220067190C /* Sources */ = {
			isa = PBXSourcesBuildPhase;
			buildActionMask = 2147483647;
			files = (
				196B9D171A9469220067190C /* ViewController.swift in Sources */,
				196B9D151A9469220067190C /* AppDelegate.swift in Sources */,
				196B9D351A9472170067190C /* MailboxViewController.swift in Sources */,
			);
			runOnlyForDeploymentPostprocessing = 0;
		};
		196B9D201A9469220067190C /* Sources */ = {
			isa = PBXSourcesBuildPhase;
			buildActionMask = 2147483647;
			files = (
				196B9D2B1A9469220067190C /* MailboxTests.swift in Sources */,
			);
			runOnlyForDeploymentPostprocessing = 0;
		};
/* End PBXSourcesBuildPhase section */

/* Begin PBXTargetDependency section */
		196B9D261A9469220067190C /* PBXTargetDependency */ = {
			isa = PBXTargetDependency;
			target = 196B9D0E1A9469220067190C /* Mailbox */;
			targetProxy = 196B9D251A9469220067190C /* PBXContainerItemProxy */;
		};
/* End PBXTargetDependency section */

/* Begin PBXVariantGroup section */
		196B9D181A9469220067190C /* Main.storyboard */ = {
			isa = PBXVariantGroup;
			children = (
				196B9D191A9469220067190C /* Base */,
			);
			name = Main.storyboard;
			sourceTree = "<group>";
		};
		196B9D1D1A9469220067190C /* LaunchScreen.xib */ = {
			isa = PBXVariantGroup;
			children = (
				196B9D1E1A9469220067190C /* Base */,
			);
			name = LaunchScreen.xib;
			sourceTree = "<group>";
		};
/* End PBXVariantGroup section */

/* Begin XCBuildConfiguration section */
		196B9D2C1A9469220067190C /* Debug */ = {
			isa = XCBuildConfiguration;
			buildSettings = {
				ALWAYS_SEARCH_USER_PATHS = NO;
				CLANG_CXX_LANGUAGE_STANDARD = "gnu++0x";
				CLANG_CXX_LIBRARY = "libc++";
				CLANG_ENABLE_MODULES = YES;
				CLANG_ENABLE_OBJC_ARC = YES;
				CLANG_WARN_BOOL_CONVERSION = YES;
				CLANG_WARN_CONSTANT_CONVERSION = YES;
				CLANG_WARN_DIRECT_OBJC_ISA_USAGE = YES_ERROR;
				CLANG_WARN_EMPTY_BODY = YES;
				CLANG_WARN_ENUM_CONVERSION = YES;
				CLANG_WARN_INT_CONVERSION = YES;
				CLANG_WARN_OBJC_ROOT_CLASS = YES_ERROR;
				CLANG_WARN_UNREACHABLE_CODE = YES;
				CLANG_WARN__DUPLICATE_METHOD_MATCH = YES;
				"CODE_SIGN_IDENTITY[sdk=iphoneos*]" = "iPhone Developer";
				COPY_PHASE_STRIP = NO;
				ENABLE_STRICT_OBJC_MSGSEND = YES;
				GCC_C_LANGUAGE_STANDARD = gnu99;
				GCC_DYNAMIC_NO_PIC = NO;
				GCC_OPTIMIZATION_LEVEL = 0;
				GCC_PREPROCESSOR_DEFINITIONS = (
					"DEBUG=1",
					"$(inherited)",
				);
				GCC_SYMBOLS_PRIVATE_EXTERN = NO;
				GCC_WARN_64_TO_32_BIT_CONVERSION = YES;
				GCC_WARN_ABOUT_RETURN_TYPE = YES_ERROR;
				GCC_WARN_UNDECLARED_SELECTOR = YES;
				GCC_WARN_UNINITIALIZED_AUTOS = YES_AGGRESSIVE;
				GCC_WARN_UNUSED_FUNCTION = YES;
				GCC_WARN_UNUSED_VARIABLE = YES;
				IPHONEOS_DEPLOYMENT_TARGET = 8.1;
				MTL_ENABLE_DEBUG_INFO = YES;
				ONLY_ACTIVE_ARCH = YES;
				SDKROOT = iphoneos;
				SWIFT_OPTIMIZATION_LEVEL = "-Onone";
			};
			name = Debug;
		};
		196B9D2D1A9469220067190C /* Release */ = {
			isa = XCBuildConfiguration;
			buildSettings = {
				ALWAYS_SEARCH_USER_PATHS = NO;
				CLANG_CXX_LANGUAGE_STANDARD = "gnu++0x";
				CLANG_CXX_LIBRARY = "libc++";
				CLANG_ENABLE_MODULES = YES;
				CLANG_ENABLE_OBJC_ARC = YES;
				CLANG_WARN_BOOL_CONVERSION = YES;
				CLANG_WARN_CONSTANT_CONVERSION = YES;
				CLANG_WARN_DIRECT_OBJC_ISA_USAGE = YES_ERROR;
				CLANG_WARN_EMPTY_BODY = YES;
				CLANG_WARN_ENUM_CONVERSION = YES;
				CLANG_WARN_INT_CONVERSION = YES;
				CLANG_WARN_OBJC_ROOT_CLASS = YES_ERROR;
				CLANG_WARN_UNREACHABLE_CODE = YES;
				CLANG_WARN__DUPLICATE_METHOD_MATCH = YES;
				"CODE_SIGN_IDENTITY[sdk=iphoneos*]" = "iPhone Developer";
				COPY_PHASE_STRIP = YES;
				ENABLE_NS_ASSERTIONS = NO;
				ENABLE_STRICT_OBJC_MSGSEND = YES;
				GCC_C_LANGUAGE_STANDARD = gnu99;
				GCC_WARN_64_TO_32_BIT_CONVERSION = YES;
				GCC_WARN_ABOUT_RETURN_TYPE = YES_ERROR;
				GCC_WARN_UNDECLARED_SELECTOR = YES;
				GCC_WARN_UNINITIALIZED_AUTOS = YES_AGGRESSIVE;
				GCC_WARN_UNUSED_FUNCTION = YES;
				GCC_WARN_UNUSED_VARIABLE = YES;
				IPHONEOS_DEPLOYMENT_TARGET = 8.1;
				MTL_ENABLE_DEBUG_INFO = NO;
				SDKROOT = iphoneos;
				VALIDATE_PRODUCT = YES;
			};
			name = Release;
		};
		196B9D2F1A9469220067190C /* Debug */ = {
			isa = XCBuildConfiguration;
			buildSettings = {
				ASSETCATALOG_COMPILER_APPICON_NAME = AppIcon;
				INFOPLIST_FILE = Mailbox/Info.plist;
				LD_RUNPATH_SEARCH_PATHS = "$(inherited) @executable_path/Frameworks";
				PRODUCT_NAME = "$(TARGET_NAME)";
			};
			name = Debug;
		};
		196B9D301A9469220067190C /* Release */ = {
			isa = XCBuildConfiguration;
			buildSettings = {
				ASSETCATALOG_COMPILER_APPICON_NAME = AppIcon;
				INFOPLIST_FILE = Mailbox/Info.plist;
				LD_RUNPATH_SEARCH_PATHS = "$(inherited) @executable_path/Frameworks";
				PRODUCT_NAME = "$(TARGET_NAME)";
			};
			name = Release;
		};
		196B9D321A9469220067190C /* Debug */ = {
			isa = XCBuildConfiguration;
			buildSettings = {
				BUNDLE_LOADER = "$(TEST_HOST)";
				FRAMEWORK_SEARCH_PATHS = (
					"$(SDKROOT)/Developer/Library/Frameworks",
					"$(inherited)",
				);
				GCC_PREPROCESSOR_DEFINITIONS = (
					"DEBUG=1",
					"$(inherited)",
				);
				INFOPLIST_FILE = MailboxTests/Info.plist;
				LD_RUNPATH_SEARCH_PATHS = "$(inherited) @executable_path/Frameworks @loader_path/Frameworks";
				PRODUCT_NAME = "$(TARGET_NAME)";
				TEST_HOST = "$(BUILT_PRODUCTS_DIR)/Mailbox.app/Mailbox";
			};
			name = Debug;
		};
		196B9D331A9469220067190C /* Release */ = {
			isa = XCBuildConfiguration;
			buildSettings = {
				BUNDLE_LOADER = "$(TEST_HOST)";
				FRAMEWORK_SEARCH_PATHS = (
					"$(SDKROOT)/Developer/Library/Frameworks",
					"$(inherited)",
				);
				INFOPLIST_FILE = MailboxTests/Info.plist;
				LD_RUNPATH_SEARCH_PATHS = "$(inherited) @executable_path/Frameworks @loader_path/Frameworks";
				PRODUCT_NAME = "$(TARGET_NAME)";
				TEST_HOST = "$(BUILT_PRODUCTS_DIR)/Mailbox.app/Mailbox";
			};
			name = Release;
		};
/* End XCBuildConfiguration section */

/* Begin XCConfigurationList section */
		196B9D0A1A9469220067190C /* Build configuration list for PBXProject "Mailbox" */ = {
			isa = XCConfigurationList;
			buildConfigurations = (
				196B9D2C1A9469220067190C /* Debug */,
				196B9D2D1A9469220067190C /* Release */,
			);
			defaultConfigurationIsVisible = 0;
			defaultConfigurationName = Release;
		};
		196B9D2E1A9469220067190C /* Build configuration list for PBXNativeTarget "Mailbox" */ = {
			isa = XCConfigurationList;
			buildConfigurations = (
				196B9D2F1A9469220067190C /* Debug */,
				196B9D301A9469220067190C /* Release */,
			);
			defaultConfigurationIsVisible = 0;
		};
		196B9D311A9469220067190C /* Build configuration list for PBXNativeTarget "MailboxTests" */ = {
			isa = XCConfigurationList;
			buildConfigurations = (
				196B9D321A9469220067190C /* Debug */,
				196B9D331A9469220067190C /* Release */,
			);
			defaultConfigurationIsVisible = 0;
		};
/* End XCConfigurationList section */
	};
	rootObject = 196B9D071A9469220067190C /* Project object */;
}
